
Microsoft Visual Studio Solution File, Format Version 12.00
# Visual Studio Version 17
VisualStudioVersion = 17.1.32228.430
MinimumVisualStudioVersion = 10.0.40219.1
Project("{FAE04EC0-301F-11D3-BF4B-00C04F79EFBC}") = "ChessCS", "ChessCS.csproj", "{6C862349-B261-413E-8D52-7AF5379E634B}"
EndProject
Project("{2150E333-8FDC-42A3-9474-1A3956D46DE8}") = "Solution Items", "Solution Items", "{066D4888-F971-4F51-B16B-00EE24E91397}"
EndProject
Global
	GlobalSection(SolutionConfigurationPlatforms) = preSolution
		Debug|Any CPU = Debug|Any CPU
		Release|Any CPU = Release|Any CPU
	EndGlobalSection
	GlobalSection(ProjectConfigurationPlatforms) = postSolution
		{6C862349-B261-413E-8D52-7AF5379E634B}.Debug|Any CPU.ActiveCfg = Debug|Any CPU
		{6C862349-B261-413E-8D52-7AF5379E634B}.Debug|Any CPU.Build.0 = Debug|Any CPU
		{6C862349-B261-413E-8D52-7AF5379E634B}.Release|Any CPU.ActiveCfg = Release|Any CPU
		{6C862349-B261-413E-8D52-7AF5379E634B}.Release|Any CPU.Build.0 = Release|Any CPU
	EndGlobalSection
	GlobalSection(SolutionProperties) = preSolution
		HideSolutionNode = FALSE
	EndGlobalSection
	GlobalSection(ExtensibilityGlobals) = postSolution
		SolutionGuid = {E5E8DCCD-B43F-4A70-9865-DB27C450C9A8}
	EndGlobalSection
EndGlobal
